
Microsoft Visual Studio Solution File, Format Version 12.00
# Visual Studio 2012
Project("{FAE04EC0-301F-11D3-BF4B-00C04F79EFBC}") = "Translator.WEB", "Translator.WEB\Translator.WEB.csproj", "{BACA2CE2-D0C7-407D-A0CD-CA6FA7DB3B6D}"
EndProject
Project("{FAE04EC0-301F-11D3-BF4B-00C04F79EFBC}") = "Translator.WEB.Tests", "Translator.WEB.Tests\Translator.WEB.Tests.csproj", "{22D54344-DE27-44CD-955D-84ADDFBA2C98}"
EndProject
Project("{FAE04EC0-301F-11D3-BF4B-00C04F79EFBC}") = "Translator.DAL", "Translator.DAL\Translator.DAL.csproj", "{009DA817-5F84-480C-9B7D-699EACED1440}"
EndProject
Global
	GlobalSection(SolutionConfigurationPlatforms) = preSolution
		Debug|Any CPU = Debug|Any CPU
		Release|Any CPU = Release|Any CPU
	EndGlobalSection
	GlobalSection(ProjectConfigurationPlatforms) = postSolution
		{BACA2CE2-D0C7-407D-A0CD-CA6FA7DB3B6D}.Debug|Any CPU.ActiveCfg = Debug|Any CPU
		{BACA2CE2-D0C7-407D-A0CD-CA6FA7DB3B6D}.Debug|Any CPU.Build.0 = Debug|Any CPU
		{BACA2CE2-D0C7-407D-A0CD-CA6FA7DB3B6D}.Release|Any CPU.ActiveCfg = Release|Any CPU
		{BACA2CE2-D0C7-407D-A0CD-CA6FA7DB3B6D}.Release|Any CPU.Build.0 = Release|Any CPU
		{22D54344-DE27-44CD-955D-84ADDFBA2C98}.Debug|Any CPU.ActiveCfg = Debug|Any CPU
		{22D54344-DE27-44CD-955D-84ADDFBA2C98}.Debug|Any CPU.Build.0 = Debug|Any CPU
		{22D54344-DE27-44CD-955D-84ADDFBA2C98}.Release|Any CPU.ActiveCfg = Release|Any CPU
		{22D54344-DE27-44CD-955D-84ADDFBA2C98}.Release|Any CPU.Build.0 = Release|Any CPU
		{009DA817-5F84-480C-9B7D-699EACED1440}.Debug|Any CPU.ActiveCfg = Debug|Any CPU
		{009DA817-5F84-480C-9B7D-699EACED1440}.Debug|Any CPU.Build.0 = Debug|Any CPU
		{009DA817-5F84-480C-9B7D-699EACED1440}.Release|Any CPU.ActiveCfg = Release|Any CPU
		{009DA817-5F84-480C-9B7D-699EACED1440}.Release|Any CPU.Build.0 = Release|Any CPU
	EndGlobalSection
EndGlobal
